// !$*UTF8*$!
{
	archiveVersion = 1;
	classes = {
	};
	objectVersion = 48;
	objects = {

/* Begin PBXBuildFile section */
		645B2EA11FB78BB10046C557 /* AppDelegate.swift in Sources */ = {isa = PBXBuildFile; fileRef = 645B2EA01FB78BB10046C557 /* AppDelegate.swift */; };
		645B2EA31FB78BB10046C557 /* ViewController.swift in Sources */ = {isa = PBXBuildFile; fileRef = 645B2EA21FB78BB10046C557 /* ViewController.swift */; };
		645B2EA61FB78BB10046C557 /* Main.storyboard in Resources */ = {isa = PBXBuildFile; fileRef = 645B2EA41FB78BB10046C557 /* Main.storyboard */; };
		645B2EA81FB78BB10046C557 /* Assets.xcassets in Resources */ = {isa = PBXBuildFile; fileRef = 645B2EA71FB78BB10046C557 /* Assets.xcassets */; };
		645B2EAB1FB78BB10046C557 /* LaunchScreen.storyboard in Resources */ = {isa = PBXBuildFile; fileRef = 645B2EA91FB78BB10046C557 /* LaunchScreen.storyboard */; };
		645B2EB31FB7B4880046C557 /* Disk.swift in Sources */ = {isa = PBXBuildFile; fileRef = 645B2EB21FB7B4880046C557 /* Disk.swift */; };
/* End PBXBuildFile section */

/* Begin PBXFileReference section */
		645B2E9D1FB78BB10046C557 /* SpaceWaster.app */ = {isa = PBXFileReference; explicitFileType = wrapper.application; includeInIndex = 0; path = SpaceWaster.app; sourceTree = BUILT_PRODUCTS_DIR; };
		645B2EA01FB78BB10046C557 /* AppDelegate.swift */ = {isa = PBXFileReference; lastKnownFileType = sourcecode.swift; path = AppDelegate.swift; sourceTree = "<group>"; };
		645B2EA21FB78BB10046C557 /* ViewController.swift */ = {isa = PBXFileReference; lastKnownFileType = sourcecode.swift; path = ViewController.swift; sourceTree = "<group>"; };
		645B2EA51FB78BB10046C557 /* Base */ = {isa = PBXFileReference; lastKnownFileType = file.storyboard; name = Base; path = Base.lproj/Main.storyboard; sourceTree = "<group>"; };
		645B2EA71FB78BB10046C557 /* Assets.xcassets */ = {isa = PBXFileReference; lastKnownFileType = folder.assetcatalog; path = Assets.xcassets; sourceTree = "<group>"; };
		645B2EAA1FB78BB10046C557 /* Base */ = {isa = PBXFileReference; lastKnownFileType = file.storyboard; name = Base; path = Base.lproj/LaunchScreen.storyboard; sourceTree = "<group>"; };
		645B2EAC1FB78BB10046C557 /* Info.plist */ = {isa = PBXFileReference; lastKnownFileType = text.plist.xml; path = Info.plist; sourceTree = "<group>"; };
		645B2EB21FB7B4880046C557 /* Disk.swift */ = {isa = PBXFileReference; lastKnownFileType = sourcecode.swift; path = Disk.swift; sourceTree = "<group>"; };
/* End PBXFileReference section */

/* Begin PBXFrameworksBuildPhase section */
		645B2E9A1FB78BB10046C557 /* Frameworks */ = {
			isa = PBXFrameworksBuildPhase;
			buildActionMask = 2147483647;
			files = (
			);
			runOnlyForDeploymentPostprocessing = 0;
		};
/* End PBXFrameworksBuildPhase section */

/* Begin PBXGroup section */
		645B2E941FB78BB10046C557 = {
			isa = PBXGroup;
			children = (
				645B2E9F1FB78BB10046C557 /* SpaceWaster */,
				645B2E9E1FB78BB10046C557 /* Products */,
			);
			sourceTree = "<group>";
		};
		645B2E9E1FB78BB10046C557 /* Products */ = {
			isa = PBXGroup;
			children = (
				645B2E9D1FB78BB10046C557 /* SpaceWaster.app */,
			);
			name = Products;
			sourceTree = "<group>";
		};
		645B2E9F1FB78BB10046C557 /* SpaceWaster */ = {
			isa = PBXGroup;
			children = (
				645B2EA01FB78BB10046C557 /* AppDelegate.swift */,
				645B2EA21FB78BB10046C557 /* ViewController.swift */,
				645B2EB21FB7B4880046C557 /* Disk.swift */,
				645B2EA41FB78BB10046C557 /* Main.storyboard */,
				645B2EA71FB78BB10046C557 /* Assets.xcassets */,
				645B2EA91FB78BB10046C557 /* LaunchScreen.storyboard */,
				645B2EAC1FB78BB10046C557 /* Info.plist */,
			);
			path = SpaceWaster;
			sourceTree = "<group>";
		};
/* End PBXGroup section */

/* Begin PBXNativeTarget section */
		645B2E9C1FB78BB10046C557 /* SpaceWaster */ = {
			isa = PBXNativeTarget;
			buildConfigurationList = 645B2EAF1FB78BB10046C557 /* Build configuration list for PBXNativeTarget "SpaceWaster" */;
			buildPhases = (
				645B2E991FB78BB10046C557 /* Sources */,
				645B2E9A1FB78BB10046C557 /* Frameworks */,
				645B2E9B1FB78BB10046C557 /* Resources */,
			);
			buildRules = (
			);
			dependencies = (
			);
			name = SpaceWaster;
			productName = SpaceWaster;
			productReference = 645B2E9D1FB78BB10046C557 /* SpaceWaster.app */;
			productType = "com.apple.product-type.application";
		};
/* End PBXNativeTarget section */

/* Begin PBXProject section */
		645B2E951FB78BB10046C557 /* Project object */ = {
			isa = PBXProject;
			attributes = {
				LastSwiftUpdateCheck = 0910;
				LastUpgradeCheck = 0910;
				ORGANIZATIONNAME = "Roman Shevtsov";
				TargetAttributes = {
					645B2E9C1FB78BB10046C557 = {
						CreatedOnToolsVersion = 9.1;
						ProvisioningStyle = Automatic;
					};
				};
			};
			buildConfigurationList = 645B2E981FB78BB10046C557 /* Build configuration list for PBXProject "SpaceWaster" */;
			compatibilityVersion = "Xcode 8.0";
			developmentRegion = en;
			hasScannedForEncodings = 0;
			knownRegions = (
				en,
				Base,
			);
			mainGroup = 645B2E941FB78BB10046C557;
			productRefGroup = 645B2E9E1FB78BB10046C557 /* Products */;
			projectDirPath = "";
			projectRoot = "";
			targets = (
				645B2E9C1FB78BB10046C557 /* SpaceWaster */,
			);
		};
/* End PBXProject section */

/* Begin PBXResourcesBuildPhase section */
		645B2E9B1FB78BB10046C557 /* Resources */ = {
			isa = PBXResourcesBuildPhase;
			buildActionMask = 2147483647;
			files = (
				645B2EAB1FB78BB10046C557 /* LaunchScreen.storyboard in Resources */,
				645B2EA81FB78BB10046C557 /* Assets.xcassets in Resources */,
				645B2EA61FB78BB10046C557 /* Main.storyboard in Resources */,
			);
			runOnlyForDeploymentPostprocessing = 0;
		};
/* End PBXResourcesBuildPhase section */

/* Begin PBXSourcesBuildPhase section */
		645B2E991FB78BB10046C557 /* Sources */ = {
			isa = PBXSourcesBuildPhase;
			buildActionMask = 2147483647;
			files = (
				645B2EB31FB7B4880046C557 /* Disk.swift in Sources */,
				645B2EA31FB78BB10046C557 /* ViewController.swift in Sources */,
				645B2EA11FB78BB10046C557 /* AppDelegate.swift in Sources */,
			);
			runOnlyForDeploymentPostprocessing = 0;
		};
/* End PBXSourcesBuildPhase section */

/* Begin PBXVariantGroup section */
		645B2EA41FB78BB10046C557 /* Main.storyboard */ = {
			isa = PBXVariantGroup;
			children = (
				645B2EA51FB78BB10046C557 /* Base */,
			);
			name = Main.storyboard;
			sourceTree = "<group>";
		};
		645B2EA91FB78BB10046C557 /* LaunchScreen.storyboard */ = {
			isa = PBXVariantGroup;
			children = (
				645B2EAA1FB78BB10046C557 /* Base */,
			);
			name = LaunchScreen.storyboard;
			sourceTree = "<group>";
		};
/* End PBXVariantGroup section */

/* Begin XCBuildConfiguration section */
		645B2EAD1FB78BB10046C557 /* Debug */ = {
			isa = XCBuildConfiguration;
			buildSettings = {
				ALWAYS_SEARCH_USER_PATHS = NO;
				CLANG_ANALYZER_NONNULL = YES;
				CLANG_ANALYZER_NUMBER_OBJECT_CONVERSION = YES_AGGRESSIVE;
				CLANG_CXX_LANGUAGE_STANDARD = "gnu++14";
				CLANG_CXX_LIBRARY = "libc++";
				CLANG_ENABLE_MODULES = YES;
				CLANG_ENABLE_OBJC_ARC = YES;
				CLANG_WARN_BLOCK_CAPTURE_AUTORELEASING = YES;
				CLANG_WARN_BOOL_CONVERSION = YES;
				CLANG_WARN_COMMA = YES;
				CLANG_WARN_CONSTANT_CONVERSION = YES;
				CLANG_WARN_DIRECT_OBJC_ISA_USAGE = YES_ERROR;
				CLANG_WARN_DOCUMENTATION_COMMENTS = YES;
				CLANG_WARN_EMPTY_BODY = YES;
				CLANG_WARN_ENUM_CONVERSION = YES;
				CLANG_WARN_INFINITE_RECURSION = YES;
				CLANG_WARN_INT_CONVERSION = YES;
				CLANG_WARN_NON_LITERAL_NULL_CONVERSION = YES;
				CLANG_WARN_OBJC_LITERAL_CONVERSION = YES;
				CLANG_WARN_OBJC_ROOT_CLASS = YES_ERROR;
				CLANG_WARN_RANGE_LOOP_ANALYSIS = YES;
				CLANG_WARN_STRICT_PROTOTYPES = YES;
				CLANG_WARN_SUSPICIOUS_MOVE = YES;
				CLANG_WARN_UNGUARDED_AVAILABILITY = YES_AGGRESSIVE;
				CLANG_WARN_UNREACHABLE_CODE = YES;
				CLANG_WARN__DUPLICATE_METHOD_MATCH = YES;
				CODE_SIGN_IDENTITY = "iPhone Developer";
				COPY_PHASE_STRIP = NO;
				DEBUG_INFORMATION_FORMAT = dwarf;
				ENABLE_STRICT_OBJC_MSGSEND = YES;
				ENABLE_TESTABILITY = YES;
				GCC_C_LANGUAGE_STANDARD = gnu11;
				GCC_DYNAMIC_NO_PIC = NO;
				GCC_NO_COMMON_BLOCKS = YES;
				GCC_OPTIMIZATION_LEVEL = 0;
				GCC_PREPROCESSOR_DEFINITIONS = (
					"DEBUG=1",
					"$(inherited)",
				);
				GCC_WARN_64_TO_32_BIT_CONVERSION = YES;
				GCC_WARN_ABOUT_RETURN_TYPE = YES_ERROR;
				GCC_WARN_UNDECLARED_SELECTOR = YES;
				GCC_WARN_UNINITIALIZED_AUTOS = YES_AGGRESSIVE;
				GCC_WARN_UNUSED_FUNCTION = YES;
				GCC_WARN_UNUSED_VARIABLE = YES;
				IPHONEOS_DEPLOYMENT_TARGET = 11.1;
				MTL_ENABLE_DEBUG_INFO = YES;
				ONLY_ACTIVE_ARCH = YES;
				SDKROOT = iphoneos;
				SWIFT_ACTIVE_COMPILATION_CONDITIONS = DEBUG;
				SWIFT_OPTIMIZATION_LEVEL = "-Onone";
			};
			name = Debug;
		};
		645B2EAE1FB78BB10046C557 /* Release */ = {
			isa = XCBuildConfiguration;
			buildSettings = {
				ALWAYS_SEARCH_USER_PATHS = NO;
				CLANG_ANALYZER_NONNULL = YES;
				CLANG_ANALYZER_NUMBER_OBJECT_CONVERSION = YES_AGGRESSIVE;
				CLANG_CXX_LANGUAGE_STANDARD = "gnu++14";
				CLANG_CXX_LIBRARY = "libc++";
				CLANG_ENABLE_MODULES = YES;
				CLANG_ENABLE_OBJC_ARC = YES;
				CLANG_WARN_BLOCK_CAPTURE_AUTORELEASING = YES;
				CLANG_WARN_BOOL_CONVERSION = YES;
				CLANG_WARN_COMMA = YES;
				CLANG_WARN_CONSTANT_CONVERSION = YES;
				CLANG_WARN_DIRECT_OBJC_ISA_USAGE = YES_ERROR;
				CLANG_WARN_DOCUMENTATION_COMMENTS = YES;
				CLANG_WARN_EMPTY_BODY = YES;
				CLANG_WARN_ENUM_CONVERSION = YES;
				CLANG_WARN_INFINITE_RECURSION = YES;
				CLANG_WARN_INT_CONVERSION = YES;
				CLANG_WARN_NON_LITERAL_NULL_CONVERSION = YES;
				CLANG_WARN_OBJC_LITERAL_CONVERSION = YES;
				CLANG_WARN_OBJC_ROOT_CLASS = YES_ERROR;
				CLANG_WARN_RANGE_LOOP_ANALYSIS = YES;
				CLANG_WARN_STRICT_PROTOTYPES = YES;
				CLANG_WARN_SUSPICIOUS_MOVE = YES;
				CLANG_WARN_UNGUARDED_AVAILABILITY = YES_AGGRESSIVE;
				CLANG_WARN_UNREACHABLE_CODE = YES;
				CLANG_WARN__DUPLICATE_METHOD_MATCH = YES;
				CODE_SIGN_IDENTITY = "iPhone Developer";
				COPY_PHASE_STRIP = NO;
				DEBUG_INFORMATION_FORMAT = "dwarf-with-dsym";
				ENABLE_NS_ASSERTIONS = NO;
				ENABLE_STRICT_OBJC_MSGSEND = YES;
				GCC_C_LANGUAGE_STANDARD = gnu11;
				GCC_NO_COMMON_BLOCKS = YES;
				GCC_WARN_64_TO_32_BIT_CONVERSION = YES;
				GCC_WARN_ABOUT_RETURN_TYPE = YES_ERROR;
				GCC_WARN_UNDECLARED_SELECTOR = YES;
				GCC_WARN_UNINITIALIZED_AUTOS = YES_AGGRESSIVE;
				GCC_WARN_UNUSED_FUNCTION = YES;
				GCC_WARN_UNUSED_VARIABLE = YES;
				IPHONEOS_DEPLOYMENT_TARGET = 11.1;
				MTL_ENABLE_DEBUG_INFO = NO;
				SDKROOT = iphoneos;
				SWIFT_OPTIMIZATION_LEVEL = "-Owholemodule";
				VALIDATE_PRODUCT = YES;
			};
			name = Release;
		};
		645B2EB01FB78BB10046C557 /* Debug */ = {
			isa = XCBuildConfiguration;
			buildSettings = {
				ASSETCATALOG_COMPILER_APPICON_NAME = AppIcon;
				CODE_SIGN_STYLE = Automatic;
				DEVELOPMENT_TEAM = JTH6K53472;
				INFOPLIST_FILE = SpaceWaster/Info.plist;
				LD_RUNPATH_SEARCH_PATHS = "$(inherited) @executable_path/Frameworks";
				PRODUCT_BUNDLE_IDENTIFIER = com.rshev.SpaceWaster;
				PRODUCT_NAME = "$(TARGET_NAME)";
				SWIFT_VERSION = 4.0;
				TARGETED_DEVICE_FAMILY = "1,2";
			};
			name = Debug;
		};
		645B2EB11FB78BB10046C557 /* Release */ = {
			isa = XCBuildConfiguration;
			buildSettings = {
				ASSETCATALOG_COMPILER_APPICON_NAME = AppIcon;
				CODE_SIGN_STYLE = Automatic;
				DEVELOPMENT_TEAM = JTH6K53472;
				INFOPLIST_FILE = SpaceWaster/Info.plist;
				LD_RUNPATH_SEARCH_PATHS = "$(inherited) @executable_path/Frameworks";
				PRODUCT_BUNDLE_IDENTIFIER = com.rshev.SpaceWaster;
				PRODUCT_NAME = "$(TARGET_NAME)";
				SWIFT_VERSION = 4.0;
				TARGETED_DEVICE_FAMILY = "1,2";
			};
			name = Release;
		};
/* End XCBuildConfiguration section */

/* Begin XCConfigurationList section */
		645B2E981FB78BB10046C557 /* Build configuration list for PBXProject "SpaceWaster" */ = {
			isa = XCConfigurationList;
			buildConfigurations = (
				645B2EAD1FB78BB10046C557 /* Debug */,
				645B2EAE1FB78BB10046C557 /* Release */,
			);
			defaultConfigurationIsVisible = 0;
			defaultConfigurationName = Release;
		};
		645B2EAF1FB78BB10046C557 /* Build configuration list for PBXNativeTarget "SpaceWaster" */ = {
			isa = XCConfigurationList;
			buildConfigurations = (
				645B2EB01FB78BB10046C557 /* Debug */,
				645B2EB11FB78BB10046C557 /* Release */,
			);
			defaultConfigurationIsVisible = 0;
			defaultConfigurationName = Release;
		};
/* End XCConfigurationList section */
	};
	rootObject = 645B2E951FB78BB10046C557 /* Project object */;
}
